
Microsoft Visual Studio Solution File, Format Version 12.00
# Visual Studio Version 17
VisualStudioVersion = 17.14.36518.9 d17.14
MinimumVisualStudioVersion = 10.0.40219.1
Project("{FAE04EC0-301F-11D3-BF4B-00C04F79EFBC}") = "AdventofCode2024", "AdventofCode2024\AdventofCode2024.csproj", "{C9EEEF0E-448F-4580-82F5-6FAA6CC52A68}"
EndProject
Global
	GlobalSection(SolutionConfigurationPlatforms) = preSolution
		Debug|Any CPU = Debug|Any CPU
		Release|Any CPU = Release|Any CPU
	EndGlobalSection
	GlobalSection(ProjectConfigurationPlatforms) = postSolution
		{C9EEEF0E-448F-4580-82F5-6FAA6CC52A68}.Debug|Any CPU.ActiveCfg = Debug|Any CPU
		{C9EEEF0E-448F-4580-82F5-6FAA6CC52A68}.Debug|Any CPU.Build.0 = Debug|Any CPU
		{C9EEEF0E-448F-4580-82F5-6FAA6CC52A68}.Release|Any CPU.ActiveCfg = Release|Any CPU
		{C9EEEF0E-448F-4580-82F5-6FAA6CC52A68}.Release|Any CPU.Build.0 = Release|Any CPU
	EndGlobalSection
	GlobalSection(SolutionProperties) = preSolution
		HideSolutionNode = FALSE
	EndGlobalSection
	GlobalSection(ExtensibilityGlobals) = postSolution
		SolutionGuid = {8A996789-3332-472B-9DA3-9110EE2DC273}
	EndGlobalSection
EndGlobal
